
Microsoft Visual Studio Solution File, Format Version 12.00
# Visual Studio Version 17
VisualStudioVersion = 17.10.35004.147
MinimumVisualStudioVersion = 10.0.40219.1
Project("{FAE04EC0-301F-11D3-BF4B-00C04F79EFBC}") = "FilmesAPI", "FilmesAPI\FilmesAPI.csproj", "{B6AFA8FE-0B27-404D-AC94-1AE5CBCC4FF5}"
EndProject
Global
	GlobalSection(SolutionConfigurationPlatforms) = preSolution
		Debug|Any CPU = Debug|Any CPU
		Release|Any CPU = Release|Any CPU
	EndGlobalSection
	GlobalSection(ProjectConfigurationPlatforms) = postSolution
		{B6AFA8FE-0B27-404D-AC94-1AE5CBCC4FF5}.Debug|Any CPU.ActiveCfg = Debug|Any CPU
		{B6AFA8FE-0B27-404D-AC94-1AE5CBCC4FF5}.Debug|Any CPU.Build.0 = Debug|Any CPU
		{B6AFA8FE-0B27-404D-AC94-1AE5CBCC4FF5}.Release|Any CPU.ActiveCfg = Release|Any CPU
		{B6AFA8FE-0B27-404D-AC94-1AE5CBCC4FF5}.Release|Any CPU.Build.0 = Release|Any CPU
	EndGlobalSection
	GlobalSection(SolutionProperties) = preSolution
		HideSolutionNode = FALSE
	EndGlobalSection
	GlobalSection(ExtensibilityGlobals) = postSolution
		SolutionGuid = {CCBC6CD0-3711-4ABD-A5DA-D0F77F21A385}
	EndGlobalSection
EndGlobal
